# THIS IS AN AUTOGENERATED FILE. DO NOT EDIT THIS FILE DIRECTLY.
# yarn lockfile v1


apollo-engine-binary-linux@^0.2017.10-425-gdd4873ae:
  version "0.2017.10-425-gdd4873ae"
  resolved "https://registry.yarnpkg.com/apollo-engine-binary-linux/-/apollo-engine-binary-linux-0.2017.10-425-gdd4873ae.tgz#5f538ca17170600c903b351f4a2ee24ca8fc9ae9"
