# THIS IS AN AUTOGENERATED FILE. DO NOT EDIT THIS FILE DIRECTLY.
# yarn lockfile v1


apollo-engine-binary-linux@^0.2017.10-425-gdd4873ae:
  version "0.2017.10-431-gdc135a5d"
  resolved "https://registry.yarnpkg.com/apollo-engine-binary-linux/-/apollo-engine-binary-linux-0.2017.10-431-gdc135a5d.tgz#aa88ec3f27b346f93b3d0da2bff1190a80bb63a6"
