# THIS IS AN AUTOGENERATED FILE. DO NOT EDIT THIS FILE DIRECTLY.
# yarn lockfile v1


apollo-engine-binary-linux@^0.2018.1-54-gce490265c:
  version "0.2018.1-54-gce490265c"
  resolved "https://registry.yarnpkg.com/apollo-engine-binary-linux/-/apollo-engine-binary-linux-0.2018.1-54-gce490265c.tgz#abbf9b720b89da604edd76d13a88c471597d5481"
